// !$*UTF8*$!
{
	archiveVersion = 1;
	classes = {
	};
	objectVersion = 46;
	objects = {

/* Begin PBXBuildFile section */
		96028DE9190B5C9900D98812 /* Foundation.framework in Frameworks */ = {isa = PBXBuildFile; fileRef = 96028DE8190B5C9900D98812 /* Foundation.framework */; };
		96028DEB190B5C9900D98812 /* CoreGraphics.framework in Frameworks */ = {isa = PBXBuildFile; fileRef = 96028DEA190B5C9900D98812 /* CoreGraphics.framework */; };
		96028DED190B5C9900D98812 /* UIKit.framework in Frameworks */ = {isa = PBXBuildFile; fileRef = 96028DEC190B5C9900D98812 /* UIKit.framework */; };
		96028DF3190B5C9900D98812 /* InfoPlist.strings in Resources */ = {isa = PBXBuildFile; fileRef = 96028DF1190B5C9900D98812 /* InfoPlist.strings */; };
		96028DF5190B5C9900D98812 /* main.m in Sources */ = {isa = PBXBuildFile; fileRef = 96028DF4190B5C9900D98812 /* main.m */; };
		96028DF9190B5C9900D98812 /* AppDelegate.m in Sources */ = {isa = PBXBuildFile; fileRef = 96028DF8190B5C9900D98812 /* AppDelegate.m */; };
		96028DFC190B5C9900D98812 /* Main_iPhone.storyboard in Resources */ = {isa = PBXBuildFile; fileRef = 96028DFA190B5C9900D98812 /* Main_iPhone.storyboard */; };
		96028DFF190B5C9900D98812 /* Main_iPad.storyboard in Resources */ = {isa = PBXBuildFile; fileRef = 96028DFD190B5C9900D98812 /* Main_iPad.storyboard */; };
		96028E02190B5C9900D98812 /* ViewController.m in Sources */ = {isa = PBXBuildFile; fileRef = 96028E01190B5C9900D98812 /* ViewController.m */; };
		96028E04190B5C9900D98812 /* Images.xcassets in Resources */ = {isa = PBXBuildFile; fileRef = 96028E03190B5C9900D98812 /* Images.xcassets */; };
		96028E0B190B5C9900D98812 /* XCTest.framework in Frameworks */ = {isa = PBXBuildFile; fileRef = 96028E0A190B5C9900D98812 /* XCTest.framework */; };
		96028E0C190B5C9900D98812 /* Foundation.framework in Frameworks */ = {isa = PBXBuildFile; fileRef = 96028DE8190B5C9900D98812 /* Foundation.framework */; };
		96028E0D190B5C9900D98812 /* UIKit.framework in Frameworks */ = {isa = PBXBuildFile; fileRef = 96028DEC190B5C9900D98812 /* UIKit.framework */; };
		96028E15190B5C9900D98812 /* InfoPlist.strings in Resources */ = {isa = PBXBuildFile; fileRef = 96028E13190B5C9900D98812 /* InfoPlist.strings */; };
		96028E17190B5C9900D98812 /* DNApp_PrototypeTests.m in Sources */ = {isa = PBXBuildFile; fileRef = 96028E16190B5C9900D98812 /* DNApp_PrototypeTests.m */; };
		967CBCA7190C9C9C001DE20F /* HomeViewController.m in Sources */ = {isa = PBXBuildFile; fileRef = 967CBCA6190C9C9C001DE20F /* HomeViewController.m */; };
/* End PBXBuildFile section */

/* Begin PBXContainerItemProxy section */
		96028E0E190B5C9900D98812 /* PBXContainerItemProxy */ = {
			isa = PBXContainerItemProxy;
			containerPortal = 96028DDD190B5C9900D98812 /* Project object */;
			proxyType = 1;
			remoteGlobalIDString = 96028DE4190B5C9900D98812;
			remoteInfo = "DNApp-Prototype";
		};
/* End PBXContainerItemProxy section */

/* Begin PBXFileReference section */
		96028DE5190B5C9900D98812 /* DNApp-Prototype.app */ = {isa = PBXFileReference; explicitFileType = wrapper.application; includeInIndex = 0; path = "DNApp-Prototype.app"; sourceTree = BUILT_PRODUCTS_DIR; };
		96028DE8190B5C9900D98812 /* Foundation.framework */ = {isa = PBXFileReference; lastKnownFileType = wrapper.framework; name = Foundation.framework; path = System/Library/Frameworks/Foundation.framework; sourceTree = SDKROOT; };
		96028DEA190B5C9900D98812 /* CoreGraphics.framework */ = {isa = PBXFileReference; lastKnownFileType = wrapper.framework; name = CoreGraphics.framework; path = System/Library/Frameworks/CoreGraphics.framework; sourceTree = SDKROOT; };
		96028DEC190B5C9900D98812 /* UIKit.framework */ = {isa = PBXFileReference; lastKnownFileType = wrapper.framework; name = UIKit.framework; path = System/Library/Frameworks/UIKit.framework; sourceTree = SDKROOT; };
		96028DF0190B5C9900D98812 /* DNApp-Prototype-Info.plist */ = {isa = PBXFileReference; lastKnownFileType = text.plist.xml; path = "DNApp-Prototype-Info.plist"; sourceTree = "<group>"; };
		96028DF2190B5C9900D98812 /* en */ = {isa = PBXFileReference; lastKnownFileType = text.plist.strings; name = en; path = en.lproj/InfoPlist.strings; sourceTree = "<group>"; };
		96028DF4190B5C9900D98812 /* main.m */ = {isa = PBXFileReference; lastKnownFileType = sourcecode.c.objc; path = main.m; sourceTree = "<group>"; };
		96028DF6190B5C9900D98812 /* DNApp-Prototype-Prefix.pch */ = {isa = PBXFileReference; lastKnownFileType = sourcecode.c.h; path = "DNApp-Prototype-Prefix.pch"; sourceTree = "<group>"; };
		96028DF7190B5C9900D98812 /* AppDelegate.h */ = {isa = PBXFileReference; lastKnownFileType = sourcecode.c.h; path = AppDelegate.h; sourceTree = "<group>"; };
		96028DF8190B5C9900D98812 /* AppDelegate.m */ = {isa = PBXFileReference; lastKnownFileType = sourcecode.c.objc; path = AppDelegate.m; sourceTree = "<group>"; };
		96028DFB190B5C9900D98812 /* Base */ = {isa = PBXFileReference; lastKnownFileType = file.storyboard; name = Base; path = Base.lproj/Main_iPhone.storyboard; sourceTree = "<group>"; };
		96028DFE190B5C9900D98812 /* Base */ = {isa = PBXFileReference; lastKnownFileType = file.storyboard; name = Base; path = Base.lproj/Main_iPad.storyboard; sourceTree = "<group>"; };
		96028E00190B5C9900D98812 /* ViewController.h */ = {isa = PBXFileReference; lastKnownFileType = sourcecode.c.h; path = ViewController.h; sourceTree = "<group>"; };
		96028E01190B5C9900D98812 /* ViewController.m */ = {isa = PBXFileReference; lastKnownFileType = sourcecode.c.objc; path = ViewController.m; sourceTree = "<group>"; };
		96028E03190B5C9900D98812 /* Images.xcassets */ = {isa = PBXFileReference; lastKnownFileType = folder.assetcatalog; path = Images.xcassets; sourceTree = "<group>"; };
		96028E09190B5C9900D98812 /* DNApp-PrototypeTests.xctest */ = {isa = PBXFileReference; explicitFileType = wrapper.cfbundle; includeInIndex = 0; path = "DNApp-PrototypeTests.xctest"; sourceTree = BUILT_PRODUCTS_DIR; };
		96028E0A190B5C9900D98812 /* XCTest.framework */ = {isa = PBXFileReference; lastKnownFileType = wrapper.framework; name = XCTest.framework; path = Library/Frameworks/XCTest.framework; sourceTree = DEVELOPER_DIR; };
		96028E12190B5C9900D98812 /* DNApp-PrototypeTests-Info.plist */ = {isa = PBXFileReference; lastKnownFileType = text.plist.xml; path = "DNApp-PrototypeTests-Info.plist"; sourceTree = "<group>"; };
		96028E14190B5C9900D98812 /* en */ = {isa = PBXFileReference; lastKnownFileType = text.plist.strings; name = en; path = en.lproj/InfoPlist.strings; sourceTree = "<group>"; };
		96028E16190B5C9900D98812 /* DNApp_PrototypeTests.m */ = {isa = PBXFileReference; lastKnownFileType = sourcecode.c.objc; path = DNApp_PrototypeTests.m; sourceTree = "<group>"; };
		967CBCA5190C9C9C001DE20F /* HomeViewController.h */ = {isa = PBXFileReference; fileEncoding = 4; lastKnownFileType = sourcecode.c.h; path = HomeViewController.h; sourceTree = "<group>"; };
		967CBCA6190C9C9C001DE20F /* HomeViewController.m */ = {isa = PBXFileReference; fileEncoding = 4; lastKnownFileType = sourcecode.c.objc; path = HomeViewController.m; sourceTree = "<group>"; };
/* End PBXFileReference section */

/* Begin PBXFrameworksBuildPhase section */
		96028DE2190B5C9900D98812 /* Frameworks */ = {
			isa = PBXFrameworksBuildPhase;
			buildActionMask = 2147483647;
			files = (
				96028DEB190B5C9900D98812 /* CoreGraphics.framework in Frameworks */,
				96028DED190B5C9900D98812 /* UIKit.framework in Frameworks */,
				96028DE9190B5C9900D98812 /* Foundation.framework in Frameworks */,
			);
			runOnlyForDeploymentPostprocessing = 0;
		};
		96028E06190B5C9900D98812 /* Frameworks */ = {
			isa = PBXFrameworksBuildPhase;
			buildActionMask = 2147483647;
			files = (
				96028E0B190B5C9900D98812 /* XCTest.framework in Frameworks */,
				96028E0D190B5C9900D98812 /* UIKit.framework in Frameworks */,
				96028E0C190B5C9900D98812 /* Foundation.framework in Frameworks */,
			);
			runOnlyForDeploymentPostprocessing = 0;
		};
/* End PBXFrameworksBuildPhase section */

/* Begin PBXGroup section */
		96028DDC190B5C9900D98812 = {
			isa = PBXGroup;
			children = (
				96028DEE190B5C9900D98812 /* DNApp-Prototype */,
				96028E10190B5C9900D98812 /* DNApp-PrototypeTests */,
				96028DE7190B5C9900D98812 /* Frameworks */,
				96028DE6190B5C9900D98812 /* Products */,
			);
			sourceTree = "<group>";
		};
		96028DE6190B5C9900D98812 /* Products */ = {
			isa = PBXGroup;
			children = (
				96028DE5190B5C9900D98812 /* DNApp-Prototype.app */,
				96028E09190B5C9900D98812 /* DNApp-PrototypeTests.xctest */,
			);
			name = Products;
			sourceTree = "<group>";
		};
		96028DE7190B5C9900D98812 /* Frameworks */ = {
			isa = PBXGroup;
			children = (
				96028DE8190B5C9900D98812 /* Foundation.framework */,
				96028DEA190B5C9900D98812 /* CoreGraphics.framework */,
				96028DEC190B5C9900D98812 /* UIKit.framework */,
				96028E0A190B5C9900D98812 /* XCTest.framework */,
			);
			name = Frameworks;
			sourceTree = "<group>";
		};
		96028DEE190B5C9900D98812 /* DNApp-Prototype */ = {
			isa = PBXGroup;
			children = (
				96028E20190B5EC800D98812 /* iPad */,
				96028DF7190B5C9900D98812 /* AppDelegate.h */,
				96028DF8190B5C9900D98812 /* AppDelegate.m */,
				96028DFA190B5C9900D98812 /* Main_iPhone.storyboard */,
				967CBCA5190C9C9C001DE20F /* HomeViewController.h */,
				967CBCA6190C9C9C001DE20F /* HomeViewController.m */,
				96028DFD190B5C9900D98812 /* Main_iPad.storyboard */,
				96028E00190B5C9900D98812 /* ViewController.h */,
				96028E01190B5C9900D98812 /* ViewController.m */,
				96028E03190B5C9900D98812 /* Images.xcassets */,
				96028DEF190B5C9900D98812 /* Supporting Files */,
			);
			path = "DNApp-Prototype";
			sourceTree = "<group>";
		};
		96028DEF190B5C9900D98812 /* Supporting Files */ = {
			isa = PBXGroup;
			children = (
				96028DF0190B5C9900D98812 /* DNApp-Prototype-Info.plist */,
				96028DF1190B5C9900D98812 /* InfoPlist.strings */,
				96028DF4190B5C9900D98812 /* main.m */,
				96028DF6190B5C9900D98812 /* DNApp-Prototype-Prefix.pch */,
			);
			name = "Supporting Files";
			sourceTree = "<group>";
		};
		96028E10190B5C9900D98812 /* DNApp-PrototypeTests */ = {
			isa = PBXGroup;
			children = (
				96028E16190B5C9900D98812 /* DNApp_PrototypeTests.m */,
				96028E11190B5C9900D98812 /* Supporting Files */,
			);
			path = "DNApp-PrototypeTests";
			sourceTree = "<group>";
		};
		96028E11190B5C9900D98812 /* Supporting Files */ = {
			isa = PBXGroup;
			children = (
				96028E12190B5C9900D98812 /* DNApp-PrototypeTests-Info.plist */,
				96028E13190B5C9900D98812 /* InfoPlist.strings */,
			);
			name = "Supporting Files";
			sourceTree = "<group>";
		};
		96028E20190B5EC800D98812 /* iPad */ = {
			isa = PBXGroup;
			children = (
			);
			name = iPad;
			sourceTree = "<group>";
		};
/* End PBXGroup section */

/* Begin PBXNativeTarget section */
		96028DE4190B5C9900D98812 /* DNApp-Prototype */ = {
			isa = PBXNativeTarget;
			buildConfigurationList = 96028E1A190B5C9900D98812 /* Build configuration list for PBXNativeTarget "DNApp-Prototype" */;
			buildPhases = (
				96028DE1190B5C9900D98812 /* Sources */,
				96028DE2190B5C9900D98812 /* Frameworks */,
				96028DE3190B5C9900D98812 /* Resources */,
			);
			buildRules = (
			);
			dependencies = (
			);
			name = "DNApp-Prototype";
			productName = "DNApp-Prototype";
			productReference = 96028DE5190B5C9900D98812 /* DNApp-Prototype.app */;
			productType = "com.apple.product-type.application";
		};
		96028E08190B5C9900D98812 /* DNApp-PrototypeTests */ = {
			isa = PBXNativeTarget;
			buildConfigurationList = 96028E1D190B5C9900D98812 /* Build configuration list for PBXNativeTarget "DNApp-PrototypeTests" */;
			buildPhases = (
				96028E05190B5C9900D98812 /* Sources */,
				96028E06190B5C9900D98812 /* Frameworks */,
				96028E07190B5C9900D98812 /* Resources */,
			);
			buildRules = (
			);
			dependencies = (
				96028E0F190B5C9900D98812 /* PBXTargetDependency */,
			);
			name = "DNApp-PrototypeTests";
			productName = "DNApp-PrototypeTests";
			productReference = 96028E09190B5C9900D98812 /* DNApp-PrototypeTests.xctest */;
			productType = "com.apple.product-type.bundle.unit-test";
		};
/* End PBXNativeTarget section */

/* Begin PBXProject section */
		96028DDD190B5C9900D98812 /* Project object */ = {
			isa = PBXProject;
			attributes = {
				LastUpgradeCheck = 0510;
				ORGANIZATIONNAME = "Meng To";
				TargetAttributes = {
					96028E08190B5C9900D98812 = {
						TestTargetID = 96028DE4190B5C9900D98812;
					};
				};
			};
			buildConfigurationList = 96028DE0190B5C9900D98812 /* Build configuration list for PBXProject "DNApp-Prototype" */;
			compatibilityVersion = "Xcode 3.2";
			developmentRegion = English;
			hasScannedForEncodings = 0;
			knownRegions = (
				en,
				Base,
			);
			mainGroup = 96028DDC190B5C9900D98812;
			productRefGroup = 96028DE6190B5C9900D98812 /* Products */;
			projectDirPath = "";
			projectRoot = "";
			targets = (
				96028DE4190B5C9900D98812 /* DNApp-Prototype */,
				96028E08190B5C9900D98812 /* DNApp-PrototypeTests */,
			);
		};
/* End PBXProject section */

/* Begin PBXResourcesBuildPhase section */
		96028DE3190B5C9900D98812 /* Resources */ = {
			isa = PBXResourcesBuildPhase;
			buildActionMask = 2147483647;
			files = (
				96028DFF190B5C9900D98812 /* Main_iPad.storyboard in Resources */,
				96028E04190B5C9900D98812 /* Images.xcassets in Resources */,
				96028DFC190B5C9900D98812 /* Main_iPhone.storyboard in Resources */,
				96028DF3190B5C9900D98812 /* InfoPlist.strings in Resources */,
			);
			runOnlyForDeploymentPostprocessing = 0;
		};
		96028E07190B5C9900D98812 /* Resources */ = {
			isa = PBXResourcesBuildPhase;
			buildActionMask = 2147483647;
			files = (
				96028E15190B5C9900D98812 /* InfoPlist.strings in Resources */,
			);
			runOnlyForDeploymentPostprocessing = 0;
		};
/* End PBXResourcesBuildPhase section */

/* Begin PBXSourcesBuildPhase section */
		96028DE1190B5C9900D98812 /* Sources */ = {
			isa = PBXSourcesBuildPhase;
			buildActionMask = 2147483647;
			files = (
				96028E02190B5C9900D98812 /* ViewController.m in Sources */,
				96028DF9190B5C9900D98812 /* AppDelegate.m in Sources */,
				96028DF5190B5C9900D98812 /* main.m in Sources */,
				967CBCA7190C9C9C001DE20F /* HomeViewController.m in Sources */,
			);
			runOnlyForDeploymentPostprocessing = 0;
		};
		96028E05190B5C9900D98812 /* Sources */ = {
			isa = PBXSourcesBuildPhase;
			buildActionMask = 2147483647;
			files = (
				96028E17190B5C9900D98812 /* DNApp_PrototypeTests.m in Sources */,
			);
			runOnlyForDeploymentPostprocessing = 0;
		};
/* End PBXSourcesBuildPhase section */

/* Begin PBXTargetDependency section */
		96028E0F190B5C9900D98812 /* PBXTargetDependency */ = {
			isa = PBXTargetDependency;
			target = 96028DE4190B5C9900D98812 /* DNApp-Prototype */;
			targetProxy = 96028E0E190B5C9900D98812 /* PBXContainerItemProxy */;
		};
/* End PBXTargetDependency section */

/* Begin PBXVariantGroup section */
		96028DF1190B5C9900D98812 /* InfoPlist.strings */ = {
			isa = PBXVariantGroup;
			children = (
				96028DF2190B5C9900D98812 /* en */,
			);
			name = InfoPlist.strings;
			sourceTree = "<group>";
		};
		96028DFA190B5C9900D98812 /* Main_iPhone.storyboard */ = {
			isa = PBXVariantGroup;
			children = (
				96028DFB190B5C9900D98812 /* Base */,
			);
			name = Main_iPhone.storyboard;
			sourceTree = "<group>";
		};
		96028DFD190B5C9900D98812 /* Main_iPad.storyboard */ = {
			isa = PBXVariantGroup;
			children = (
				96028DFE190B5C9900D98812 /* Base */,
			);
			name = Main_iPad.storyboard;
			sourceTree = "<group>";
		};
		96028E13190B5C9900D98812 /* InfoPlist.strings */ = {
			isa = PBXVariantGroup;
			children = (
				96028E14190B5C9900D98812 /* en */,
			);
			name = InfoPlist.strings;
			sourceTree = "<group>";
		};
/* End PBXVariantGroup section */

/* Begin XCBuildConfiguration section */
		96028E18190B5C9900D98812 /* Debug */ = {
			isa = XCBuildConfiguration;
			buildSettings = {
				ALWAYS_SEARCH_USER_PATHS = NO;
				CLANG_CXX_LANGUAGE_STANDARD = "gnu++0x";
				CLANG_CXX_LIBRARY = "libc++";
				CLANG_ENABLE_MODULES = YES;
				CLANG_ENABLE_OBJC_ARC = YES;
				CLANG_WARN_BOOL_CONVERSION = YES;
				CLANG_WARN_CONSTANT_CONVERSION = YES;
				CLANG_WARN_DIRECT_OBJC_ISA_USAGE = YES_ERROR;
				CLANG_WARN_EMPTY_BODY = YES;
				CLANG_WARN_ENUM_CONVERSION = YES;
				CLANG_WARN_INT_CONVERSION = YES;
				CLANG_WARN_OBJC_ROOT_CLASS = YES_ERROR;
				CLANG_WARN__DUPLICATE_METHOD_MATCH = YES;
				"CODE_SIGN_IDENTITY[sdk=iphoneos*]" = "iPhone Developer";
				COPY_PHASE_STRIP = NO;
				GCC_C_LANGUAGE_STANDARD = gnu99;
				GCC_DYNAMIC_NO_PIC = NO;
				GCC_OPTIMIZATION_LEVEL = 0;
				GCC_PREPROCESSOR_DEFINITIONS = (
					"DEBUG=1",
					"$(inherited)",
				);
				GCC_SYMBOLS_PRIVATE_EXTERN = NO;
				GCC_WARN_64_TO_32_BIT_CONVERSION = YES;
				GCC_WARN_ABOUT_RETURN_TYPE = YES_ERROR;
				GCC_WARN_UNDECLARED_SELECTOR = YES;
				GCC_WARN_UNINITIALIZED_AUTOS = YES_AGGRESSIVE;
				GCC_WARN_UNUSED_FUNCTION = YES;
				GCC_WARN_UNUSED_VARIABLE = YES;
				IPHONEOS_DEPLOYMENT_TARGET = 7.1;
				ONLY_ACTIVE_ARCH = YES;
				SDKROOT = iphoneos;
				TARGETED_DEVICE_FAMILY = "1,2";
			};
			name = Debug;
		};
		96028E19190B5C9900D98812 /* Release */ = {
			isa = XCBuildConfiguration;
			buildSettings = {
				ALWAYS_SEARCH_USER_PATHS = NO;
				CLANG_CXX_LANGUAGE_STANDARD = "gnu++0x";
				CLANG_CXX_LIBRARY = "libc++";
				CLANG_ENABLE_MODULES = YES;
				CLANG_ENABLE_OBJC_ARC = YES;
				CLANG_WARN_BOOL_CONVERSION = YES;
				CLANG_WARN_CONSTANT_CONVERSION = YES;
				CLANG_WARN_DIRECT_OBJC_ISA_USAGE = YES_ERROR;
				CLANG_WARN_EMPTY_BODY = YES;
				CLANG_WARN_ENUM_CONVERSION = YES;
				CLANG_WARN_INT_CONVERSION = YES;
				CLANG_WARN_OBJC_ROOT_CLASS = YES_ERROR;
				CLANG_WARN__DUPLICATE_METHOD_MATCH = YES;
				"CODE_SIGN_IDENTITY[sdk=iphoneos*]" = "iPhone Developer";
				COPY_PHASE_STRIP = YES;
				ENABLE_NS_ASSERTIONS = NO;
				GCC_C_LANGUAGE_STANDARD = gnu99;
				GCC_WARN_64_TO_32_BIT_CONVERSION = YES;
				GCC_WARN_ABOUT_RETURN_TYPE = YES_ERROR;
				GCC_WARN_UNDECLARED_SELECTOR = YES;
				GCC_WARN_UNINITIALIZED_AUTOS = YES_AGGRESSIVE;
				GCC_WARN_UNUSED_FUNCTION = YES;
				GCC_WARN_UNUSED_VARIABLE = YES;
				IPHONEOS_DEPLOYMENT_TARGET = 7.1;
				SDKROOT = iphoneos;
				TARGETED_DEVICE_FAMILY = "1,2";
				VALIDATE_PRODUCT = YES;
			};
			name = Release;
		};
		96028E1B190B5C9900D98812 /* Debug */ = {
			isa = XCBuildConfiguration;
			buildSettings = {
				ASSETCATALOG_COMPILER_APPICON_NAME = AppIcon;
				ASSETCATALOG_COMPILER_LAUNCHIMAGE_NAME = LaunchImage;
				GCC_PRECOMPILE_PREFIX_HEADER = YES;
				GCC_PREFIX_HEADER = "DNApp-Prototype/DNApp-Prototype-Prefix.pch";
				INFOPLIST_FILE = "DNApp-Prototype/DNApp-Prototype-Info.plist";
				IPHONEOS_DEPLOYMENT_TARGET = 7.1;
				PRODUCT_NAME = "$(TARGET_NAME)";
				TARGETED_DEVICE_FAMILY = 1;
				WRAPPER_EXTENSION = app;
			};
			name = Debug;
		};
		96028E1C190B5C9900D98812 /* Release */ = {
			isa = XCBuildConfiguration;
			buildSettings = {
				ASSETCATALOG_COMPILER_APPICON_NAME = AppIcon;
				ASSETCATALOG_COMPILER_LAUNCHIMAGE_NAME = LaunchImage;
				GCC_PRECOMPILE_PREFIX_HEADER = YES;
				GCC_PREFIX_HEADER = "DNApp-Prototype/DNApp-Prototype-Prefix.pch";
				INFOPLIST_FILE = "DNApp-Prototype/DNApp-Prototype-Info.plist";
				IPHONEOS_DEPLOYMENT_TARGET = 7.1;
				PRODUCT_NAME = "$(TARGET_NAME)";
				TARGETED_DEVICE_FAMILY = 1;
				WRAPPER_EXTENSION = app;
			};
			name = Release;
		};
		96028E1E190B5C9900D98812 /* Debug */ = {
			isa = XCBuildConfiguration;
			buildSettings = {
				BUNDLE_LOADER = "$(BUILT_PRODUCTS_DIR)/DNApp-Prototype.app/DNApp-Prototype";
				FRAMEWORK_SEARCH_PATHS = (
					"$(SDKROOT)/Developer/Library/Frameworks",
					"$(inherited)",
					"$(DEVELOPER_FRAMEWORKS_DIR)",
				);
				GCC_PRECOMPILE_PREFIX_HEADER = YES;
				GCC_PREFIX_HEADER = "DNApp-Prototype/DNApp-Prototype-Prefix.pch";
				GCC_PREPROCESSOR_DEFINITIONS = (
					"DEBUG=1",
					"$(inherited)",
				);
				INFOPLIST_FILE = "DNApp-PrototypeTests/DNApp-PrototypeTests-Info.plist";
				PRODUCT_NAME = "$(TARGET_NAME)";
				TEST_HOST = "$(BUNDLE_LOADER)";
				WRAPPER_EXTENSION = xctest;
			};
			name = Debug;
		};
		96028E1F190B5C9900D98812 /* Release */ = {
			isa = XCBuildConfiguration;
			buildSettings = {
				BUNDLE_LOADER = "$(BUILT_PRODUCTS_DIR)/DNApp-Prototype.app/DNApp-Prototype";
				FRAMEWORK_SEARCH_PATHS = (
					"$(SDKROOT)/Developer/Library/Frameworks",
					"$(inherited)",
					"$(DEVELOPER_FRAMEWORKS_DIR)",
				);
				GCC_PRECOMPILE_PREFIX_HEADER = YES;
				GCC_PREFIX_HEADER = "DNApp-Prototype/DNApp-Prototype-Prefix.pch";
				INFOPLIST_FILE = "DNApp-PrototypeTests/DNApp-PrototypeTests-Info.plist";
				PRODUCT_NAME = "$(TARGET_NAME)";
				TEST_HOST = "$(BUNDLE_LOADER)";
				WRAPPER_EXTENSION = xctest;
			};
			name = Release;
		};
/* End XCBuildConfiguration section */

/* Begin XCConfigurationList section */
		96028DE0190B5C9900D98812 /* Build configuration list for PBXProject "DNApp-Prototype" */ = {
			isa = XCConfigurationList;
			buildConfigurations = (
				96028E18190B5C9900D98812 /* Debug */,
				96028E19190B5C9900D98812 /* Release */,
			);
			defaultConfigurationIsVisible = 0;
			defaultConfigurationName = Release;
		};
		96028E1A190B5C9900D98812 /* Build configuration list for PBXNativeTarget "DNApp-Prototype" */ = {
			isa = XCConfigurationList;
			buildConfigurations = (
				96028E1B190B5C9900D98812 /* Debug */,
				96028E1C190B5C9900D98812 /* Release */,
			);
			defaultConfigurationIsVisible = 0;
			defaultConfigurationName = Release;
		};
		96028E1D190B5C9900D98812 /* Build configuration list for PBXNativeTarget "DNApp-PrototypeTests" */ = {
			isa = XCConfigurationList;
			buildConfigurations = (
				96028E1E190B5C9900D98812 /* Debug */,
				96028E1F190B5C9900D98812 /* Release */,
			);
			defaultConfigurationIsVisible = 0;
			defaultConfigurationName = Release;
		};
/* End XCConfigurationList section */
	};
	rootObject = 96028DDD190B5C9900D98812 /* Project object */;
}
